// !$*UTF8*$!
{
	archiveVersion = 1;
	classes = {
	};
	objectVersion = 46;
	objects = {

/* Begin PBXBuildFile section */
		EC0E18B61E51FAD3001140CA /* TestHTTPManager.m in Sources */ = {isa = PBXBuildFile; fileRef = EC0E18B51E51FAD3001140CA /* TestHTTPManager.m */; };
		EC0E18B81E532019001140CA /* Splash.png in Resources */ = {isa = PBXBuildFile; fileRef = EC0E18B71E532019001140CA /* Splash.png */; };
		EC0E18BC1E5329CF001140CA /* LocationViewController.m in Sources */ = {isa = PBXBuildFile; fileRef = EC0E18BB1E5329CF001140CA /* LocationViewController.m */; };
		EC0E18BF1E532CA4001140CA /* MapKit.framework in Frameworks */ = {isa = PBXBuildFile; fileRef = EC0E18BE1E532CA4001140CA /* MapKit.framework */; };
		EC0E18C61E533F5A001140CA /* LocationManagerDelegate.m in Sources */ = {isa = PBXBuildFile; fileRef = EC0E18C51E533F5A001140CA /* LocationManagerDelegate.m */; };
		EC0E18CA1E53475C001140CA /* CLLocationManager+Utility.m in Sources */ = {isa = PBXBuildFile; fileRef = EC0E18C91E53475C001140CA /* CLLocationManager+Utility.m */; };
		EC0E18E11E535A21001140CA /* PartyMakerIcon_40.png in Resources */ = {isa = PBXBuildFile; fileRef = EC0E18DA1E535A21001140CA /* PartyMakerIcon_40.png */; };
		EC0E18E21E535A21001140CA /* PartyMakerIcon_58.png in Resources */ = {isa = PBXBuildFile; fileRef = EC0E18DB1E535A21001140CA /* PartyMakerIcon_58.png */; };
		EC0E18E31E535A21001140CA /* PartyMakerIcon_60.png in Resources */ = {isa = PBXBuildFile; fileRef = EC0E18DC1E535A21001140CA /* PartyMakerIcon_60.png */; };
		EC0E18E41E535A21001140CA /* PartyMakerIcon_80.png in Resources */ = {isa = PBXBuildFile; fileRef = EC0E18DD1E535A21001140CA /* PartyMakerIcon_80.png */; };
		EC0E18E51E535A21001140CA /* PartyMakerIcon_87.png in Resources */ = {isa = PBXBuildFile; fileRef = EC0E18DE1E535A21001140CA /* PartyMakerIcon_87.png */; };
		EC0E18E61E535A21001140CA /* PartyMakerIcon_120.png in Resources */ = {isa = PBXBuildFile; fileRef = EC0E18DF1E535A21001140CA /* PartyMakerIcon_120.png */; };
		EC0E18E71E535A21001140CA /* PartyMakerIcon_180.png in Resources */ = {isa = PBXBuildFile; fileRef = EC0E18E01E535A21001140CA /* PartyMakerIcon_180.png */; };
		EC24C1651E44B13C007558B1 /* PartyTableViewCell.m in Sources */ = {isa = PBXBuildFile; fileRef = EC24C1641E44B13C007558B1 /* PartyTableViewCell.m */; };
		EC24C1691E44BB79007558B1 /* PLViewController.m in Sources */ = {isa = PBXBuildFile; fileRef = EC24C1681E44BB79007558B1 /* PLViewController.m */; };
		EC2FEF9C1E3F728E0035F778 /* CreatePartyViewController.m in Sources */ = {isa = PBXBuildFile; fileRef = EC2FEF9A1E3F728E0035F778 /* CreatePartyViewController.m */; };
		EC5517C41E5B031A002B3067 /* PartyInfoViewController.m in Sources */ = {isa = PBXBuildFile; fileRef = EC5517C31E5B031A002B3067 /* PartyInfoViewController.m */; };
		EC5517C71E5B7C05002B3067 /* BaseLocationViewController.m in Sources */ = {isa = PBXBuildFile; fileRef = EC5517C61E5B7C05002B3067 /* BaseLocationViewController.m */; };
		EC5517CA1E5B7D5F002B3067 /* ShowLocationViewController.m in Sources */ = {isa = PBXBuildFile; fileRef = EC5517C91E5B7D5F002B3067 /* ShowLocationViewController.m */; };
		EC7609681E49D23F001D7BF7 /* HTTPManager.m in Sources */ = {isa = PBXBuildFile; fileRef = EC7609671E49D23F001D7BF7 /* HTTPManager.m */; };
		EC79FB631E3B80550061B6AC /* AppDelegate.m in Sources */ = {isa = PBXBuildFile; fileRef = EC79FB621E3B80550061B6AC /* AppDelegate.m */; };
		EC79FB691E3B80550061B6AC /* Main.storyboard in Resources */ = {isa = PBXBuildFile; fileRef = EC79FB671E3B80550061B6AC /* Main.storyboard */; };
		EC79FB6B1E3B80550061B6AC /* Assets.xcassets in Resources */ = {isa = PBXBuildFile; fileRef = EC79FB6A1E3B80550061B6AC /* Assets.xcassets */; };
		EC79FB6E1E3B80550061B6AC /* LaunchScreen.storyboard in Resources */ = {isa = PBXBuildFile; fileRef = EC79FB6C1E3B80550061B6AC /* LaunchScreen.storyboard */; };
		EC79FB791E3CE7300061B6AC /* leftSliderImg.png in Resources */ = {isa = PBXBuildFile; fileRef = EC79FB781E3CE7300061B6AC /* leftSliderImg.png */; };
		EC79FB811E3D6FE10061B6AC /* rightSliderImg.png in Resources */ = {isa = PBXBuildFile; fileRef = EC79FB801E3D6FE10061B6AC /* rightSliderImg.png */; };
		EC87B8B81E4C60EC003A9629 /* PMRPartyManagedObject+CoreDataProperties.m in Sources */ = {isa = PBXBuildFile; fileRef = EC87B8B71E4C60EC003A9629 /* PMRPartyManagedObject+CoreDataProperties.m */; };
		ECB2707F1E40DE020032E0EF /* main.m in Sources */ = {isa = PBXBuildFile; fileRef = ECB2707E1E40DE020032E0EF /* main.m */; };
		ECB270851E40E2990032E0EF /* settings.png in Resources */ = {isa = PBXBuildFile; fileRef = ECB270841E40E2990032E0EF /* settings.png */; };
		ECB270871E40E2A20032E0EF /* cocktail.png in Resources */ = {isa = PBXBuildFile; fileRef = ECB270861E40E2A20032E0EF /* cocktail.png */; };
		ECBC9EDB1E51F15100E40610 /* login_background.png in Resources */ = {isa = PBXBuildFile; fileRef = ECBC9EDA1E51F15100E40610 /* login_background.png */; };
		ECBC9EDE1E51F36C00E40610 /* LoginScreenViewController.m in Sources */ = {isa = PBXBuildFile; fileRef = ECBC9EDD1E51F36C00E40610 /* LoginScreenViewController.m */; };
		ECBF52A51E4CA37A00E0D7B1 /* Model.xcdatamodeld in Sources */ = {isa = PBXBuildFile; fileRef = ECBF52A21E4CA35300E0D7B1 /* Model.xcdatamodeld */; };
		ECD9C2341E475E4D008A7BD7 /* add.png in Resources */ = {isa = PBXBuildFile; fileRef = ECD9C2331E475E4D008A7BD7 /* add.png */; };
		ECDFE3C81E4E0F700007FBB8 /* NSNotification+Utility.m in Sources */ = {isa = PBXBuildFile; fileRef = ECDFE3C71E4E0F700007FBB8 /* NSNotification+Utility.m */; };
		ECE0FFC21E4BD8AA00BE5FB1 /* PMRCoreDataManager.m in Sources */ = {isa = PBXBuildFile; fileRef = ECE0FFB51E4BD8AA00BE5FB1 /* PMRCoreDataManager.m */; };
		ECE0FFC31E4BD8AA00BE5FB1 /* PMRCoreDataManager+Party.m in Sources */ = {isa = PBXBuildFile; fileRef = ECE0FFB71E4BD8AA00BE5FB1 /* PMRCoreDataManager+Party.m */; };
		ECE0FFC41E4BD8AA00BE5FB1 /* PMRParty.m in Sources */ = {isa = PBXBuildFile; fileRef = ECE0FFB91E4BD8AA00BE5FB1 /* PMRParty.m */; };
		ECE0FFC51E4BD8AA00BE5FB1 /* PMRParty+initWithDictionary.m in Sources */ = {isa = PBXBuildFile; fileRef = ECE0FFBB1E4BD8AA00BE5FB1 /* PMRParty+initWithDictionary.m */; };
		ECE0FFC61E4BD8AA00BE5FB1 /* PMRParty+initWithManagedObject.m in Sources */ = {isa = PBXBuildFile; fileRef = ECE0FFBD1E4BD8AA00BE5FB1 /* PMRParty+initWithManagedObject.m */; };
		ECE0FFC81E4BD8AA00BE5FB1 /* PMRPersistanceStore.m in Sources */ = {isa = PBXBuildFile; fileRef = ECE0FFC11E4BD8AA00BE5FB1 /* PMRPersistanceStore.m */; };
		ECE0FFD41E4BDA9A00BE5FB1 /* PMRPartyManagedObject.m in Sources */ = {isa = PBXBuildFile; fileRef = ECE0FFD31E4BDA9A00BE5FB1 /* PMRPartyManagedObject.m */; };
/* End PBXBuildFile section */

/* Begin PBXFileReference section */
		EC0E18B41E51FAD3001140CA /* TestHTTPManager.h */ = {isa = PBXFileReference; fileEncoding = 4; lastKnownFileType = sourcecode.c.h; path = TestHTTPManager.h; sourceTree = "<group>"; };
		EC0E18B51E51FAD3001140CA /* TestHTTPManager.m */ = {isa = PBXFileReference; fileEncoding = 4; lastKnownFileType = sourcecode.c.objc; path = TestHTTPManager.m; sourceTree = "<group>"; };
		EC0E18B71E532019001140CA /* Splash.png */ = {isa = PBXFileReference; lastKnownFileType = image.png; path = Splash.png; sourceTree = "<group>"; };
		EC0E18BA1E5329CF001140CA /* LocationViewController.h */ = {isa = PBXFileReference; fileEncoding = 4; lastKnownFileType = sourcecode.c.h; path = LocationViewController.h; sourceTree = "<group>"; };
		EC0E18BB1E5329CF001140CA /* LocationViewController.m */ = {isa = PBXFileReference; fileEncoding = 4; lastKnownFileType = sourcecode.c.objc; path = LocationViewController.m; sourceTree = "<group>"; };
		EC0E18BE1E532CA4001140CA /* MapKit.framework */ = {isa = PBXFileReference; lastKnownFileType = wrapper.framework; name = MapKit.framework; path = System/Library/Frameworks/MapKit.framework; sourceTree = SDKROOT; };
		EC0E18C41E533F5A001140CA /* LocationManagerDelegate.h */ = {isa = PBXFileReference; fileEncoding = 4; lastKnownFileType = sourcecode.c.h; path = LocationManagerDelegate.h; sourceTree = "<group>"; };
		EC0E18C51E533F5A001140CA /* LocationManagerDelegate.m */ = {isa = PBXFileReference; fileEncoding = 4; lastKnownFileType = sourcecode.c.objc; path = LocationManagerDelegate.m; sourceTree = "<group>"; };
		EC0E18C81E53475C001140CA /* CLLocationManager+Utility.h */ = {isa = PBXFileReference; fileEncoding = 4; lastKnownFileType = sourcecode.c.h; path = "CLLocationManager+Utility.h"; sourceTree = "<group>"; };
		EC0E18C91E53475C001140CA /* CLLocationManager+Utility.m */ = {isa = PBXFileReference; fileEncoding = 4; lastKnownFileType = sourcecode.c.objc; path = "CLLocationManager+Utility.m"; sourceTree = "<group>"; };
		EC0E18DA1E535A21001140CA /* PartyMakerIcon_40.png */ = {isa = PBXFileReference; lastKnownFileType = image.png; path = PartyMakerIcon_40.png; sourceTree = "<group>"; };
		EC0E18DB1E535A21001140CA /* PartyMakerIcon_58.png */ = {isa = PBXFileReference; lastKnownFileType = image.png; path = PartyMakerIcon_58.png; sourceTree = "<group>"; };
		EC0E18DC1E535A21001140CA /* PartyMakerIcon_60.png */ = {isa = PBXFileReference; lastKnownFileType = image.png; path = PartyMakerIcon_60.png; sourceTree = "<group>"; };
		EC0E18DD1E535A21001140CA /* PartyMakerIcon_80.png */ = {isa = PBXFileReference; lastKnownFileType = image.png; path = PartyMakerIcon_80.png; sourceTree = "<group>"; };
		EC0E18DE1E535A21001140CA /* PartyMakerIcon_87.png */ = {isa = PBXFileReference; lastKnownFileType = image.png; path = PartyMakerIcon_87.png; sourceTree = "<group>"; };
		EC0E18DF1E535A21001140CA /* PartyMakerIcon_120.png */ = {isa = PBXFileReference; lastKnownFileType = image.png; path = PartyMakerIcon_120.png; sourceTree = "<group>"; };
		EC0E18E01E535A21001140CA /* PartyMakerIcon_180.png */ = {isa = PBXFileReference; lastKnownFileType = image.png; path = PartyMakerIcon_180.png; sourceTree = "<group>"; };
		EC24C1631E44B13C007558B1 /* PartyTableViewCell.h */ = {isa = PBXFileReference; fileEncoding = 4; lastKnownFileType = sourcecode.c.h; path = PartyTableViewCell.h; sourceTree = "<group>"; };
		EC24C1641E44B13C007558B1 /* PartyTableViewCell.m */ = {isa = PBXFileReference; fileEncoding = 4; lastKnownFileType = sourcecode.c.objc; path = PartyTableViewCell.m; sourceTree = "<group>"; };
		EC24C1671E44BB79007558B1 /* PLViewController.h */ = {isa = PBXFileReference; fileEncoding = 4; lastKnownFileType = sourcecode.c.h; path = PLViewController.h; sourceTree = "<group>"; };
		EC24C1681E44BB79007558B1 /* PLViewController.m */ = {isa = PBXFileReference; fileEncoding = 4; lastKnownFileType = sourcecode.c.objc; path = PLViewController.m; sourceTree = "<group>"; };
		EC2FEF991E3F728E0035F778 /* CreatePartyViewController.h */ = {isa = PBXFileReference; fileEncoding = 4; lastKnownFileType = sourcecode.c.h; path = CreatePartyViewController.h; sourceTree = "<group>"; };
		EC2FEF9A1E3F728E0035F778 /* CreatePartyViewController.m */ = {isa = PBXFileReference; fileEncoding = 4; lastKnownFileType = sourcecode.c.objc; path = CreatePartyViewController.m; sourceTree = "<group>"; };
		EC5517C21E5B031A002B3067 /* PartyInfoViewController.h */ = {isa = PBXFileReference; fileEncoding = 4; lastKnownFileType = sourcecode.c.h; path = PartyInfoViewController.h; sourceTree = "<group>"; };
		EC5517C31E5B031A002B3067 /* PartyInfoViewController.m */ = {isa = PBXFileReference; fileEncoding = 4; lastKnownFileType = sourcecode.c.objc; path = PartyInfoViewController.m; sourceTree = "<group>"; };
		EC5517C51E5B7C05002B3067 /* BaseLocationViewController.h */ = {isa = PBXFileReference; fileEncoding = 4; lastKnownFileType = sourcecode.c.h; path = BaseLocationViewController.h; sourceTree = "<group>"; };
		EC5517C61E5B7C05002B3067 /* BaseLocationViewController.m */ = {isa = PBXFileReference; fileEncoding = 4; lastKnownFileType = sourcecode.c.objc; path = BaseLocationViewController.m; sourceTree = "<group>"; };
		EC5517C81E5B7D5F002B3067 /* ShowLocationViewController.h */ = {isa = PBXFileReference; fileEncoding = 4; lastKnownFileType = sourcecode.c.h; path = ShowLocationViewController.h; sourceTree = "<group>"; };
		EC5517C91E5B7D5F002B3067 /* ShowLocationViewController.m */ = {isa = PBXFileReference; fileEncoding = 4; lastKnownFileType = sourcecode.c.objc; path = ShowLocationViewController.m; sourceTree = "<group>"; };
		EC7609661E49D23F001D7BF7 /* HTTPManager.h */ = {isa = PBXFileReference; fileEncoding = 4; lastKnownFileType = sourcecode.c.h; path = HTTPManager.h; sourceTree = "<group>"; };
		EC7609671E49D23F001D7BF7 /* HTTPManager.m */ = {isa = PBXFileReference; fileEncoding = 4; lastKnownFileType = sourcecode.c.objc; path = HTTPManager.m; sourceTree = "<group>"; };
		EC79FB5B1E3B80550061B6AC /* Party Maker.app */ = {isa = PBXFileReference; explicitFileType = wrapper.application; includeInIndex = 0; path = "Party Maker.app"; sourceTree = BUILT_PRODUCTS_DIR; };
		EC79FB611E3B80550061B6AC /* AppDelegate.h */ = {isa = PBXFileReference; lastKnownFileType = sourcecode.c.h; path = AppDelegate.h; sourceTree = "<group>"; };
		EC79FB621E3B80550061B6AC /* AppDelegate.m */ = {isa = PBXFileReference; lastKnownFileType = sourcecode.c.objc; path = AppDelegate.m; sourceTree = "<group>"; };
		EC79FB681E3B80550061B6AC /* Base */ = {isa = PBXFileReference; lastKnownFileType = file.storyboard; name = Base; path = Base.lproj/Main.storyboard; sourceTree = "<group>"; };
		EC79FB6A1E3B80550061B6AC /* Assets.xcassets */ = {isa = PBXFileReference; lastKnownFileType = folder.assetcatalog; path = Assets.xcassets; sourceTree = "<group>"; };
		EC79FB6D1E3B80550061B6AC /* Base */ = {isa = PBXFileReference; lastKnownFileType = file.storyboard; name = Base; path = Base.lproj/LaunchScreen.storyboard; sourceTree = "<group>"; };
		EC79FB6F1E3B80550061B6AC /* Info.plist */ = {isa = PBXFileReference; lastKnownFileType = text.plist.xml; path = Info.plist; sourceTree = "<group>"; };
		EC79FB781E3CE7300061B6AC /* leftSliderImg.png */ = {isa = PBXFileReference; lastKnownFileType = image.png; path = leftSliderImg.png; sourceTree = "<group>"; };
		EC79FB801E3D6FE10061B6AC /* rightSliderImg.png */ = {isa = PBXFileReference; lastKnownFileType = image.png; path = rightSliderImg.png; sourceTree = "<group>"; };
		EC87B8B61E4C60EC003A9629 /* PMRPartyManagedObject+CoreDataProperties.h */ = {isa = PBXFileReference; fileEncoding = 4; lastKnownFileType = sourcecode.c.h; path = "PMRPartyManagedObject+CoreDataProperties.h"; sourceTree = "<group>"; };
		EC87B8B71E4C60EC003A9629 /* PMRPartyManagedObject+CoreDataProperties.m */ = {isa = PBXFileReference; fileEncoding = 4; lastKnownFileType = sourcecode.c.objc; path = "PMRPartyManagedObject+CoreDataProperties.m"; sourceTree = "<group>"; };
		ECB2707E1E40DE020032E0EF /* main.m */ = {isa = PBXFileReference; fileEncoding = 4; lastKnownFileType = sourcecode.c.objc; path = main.m; sourceTree = "<group>"; };
		ECB270841E40E2990032E0EF /* settings.png */ = {isa = PBXFileReference; lastKnownFileType = image.png; path = settings.png; sourceTree = "<group>"; };
		ECB270861E40E2A20032E0EF /* cocktail.png */ = {isa = PBXFileReference; lastKnownFileType = image.png; path = cocktail.png; sourceTree = "<group>"; };
		ECBC9EDA1E51F15100E40610 /* login_background.png */ = {isa = PBXFileReference; lastKnownFileType = image.png; path = login_background.png; sourceTree = "<group>"; };
		ECBC9EDC1E51F36C00E40610 /* LoginScreenViewController.h */ = {isa = PBXFileReference; fileEncoding = 4; lastKnownFileType = sourcecode.c.h; path = LoginScreenViewController.h; sourceTree = "<group>"; };
		ECBC9EDD1E51F36C00E40610 /* LoginScreenViewController.m */ = {isa = PBXFileReference; fileEncoding = 4; lastKnownFileType = sourcecode.c.objc; path = LoginScreenViewController.m; sourceTree = "<group>"; };
		ECBF52A31E4CA35300E0D7B1 /* Model.xcdatamodel */ = {isa = PBXFileReference; lastKnownFileType = wrapper.xcdatamodel; path = Model.xcdatamodel; sourceTree = "<group>"; };
		ECD9C2331E475E4D008A7BD7 /* add.png */ = {isa = PBXFileReference; lastKnownFileType = image.png; path = add.png; sourceTree = "<group>"; };
		ECDFE3C61E4E0F700007FBB8 /* NSNotification+Utility.h */ = {isa = PBXFileReference; fileEncoding = 4; lastKnownFileType = sourcecode.c.h; path = "NSNotification+Utility.h"; sourceTree = "<group>"; };
		ECDFE3C71E4E0F700007FBB8 /* NSNotification+Utility.m */ = {isa = PBXFileReference; fileEncoding = 4; lastKnownFileType = sourcecode.c.objc; path = "NSNotification+Utility.m"; sourceTree = "<group>"; };
		ECE0FFB41E4BD8AA00BE5FB1 /* PMRCoreDataManager.h */ = {isa = PBXFileReference; fileEncoding = 4; lastKnownFileType = sourcecode.c.h; path = PMRCoreDataManager.h; sourceTree = "<group>"; };
		ECE0FFB51E4BD8AA00BE5FB1 /* PMRCoreDataManager.m */ = {isa = PBXFileReference; fileEncoding = 4; lastKnownFileType = sourcecode.c.objc; path = PMRCoreDataManager.m; sourceTree = "<group>"; };
		ECE0FFB61E4BD8AA00BE5FB1 /* PMRCoreDataManager+Party.h */ = {isa = PBXFileReference; fileEncoding = 4; lastKnownFileType = sourcecode.c.h; path = "PMRCoreDataManager+Party.h"; sourceTree = "<group>"; };
		ECE0FFB71E4BD8AA00BE5FB1 /* PMRCoreDataManager+Party.m */ = {isa = PBXFileReference; fileEncoding = 4; lastKnownFileType = sourcecode.c.objc; path = "PMRCoreDataManager+Party.m"; sourceTree = "<group>"; };
		ECE0FFB81E4BD8AA00BE5FB1 /* PMRParty.h */ = {isa = PBXFileReference; fileEncoding = 4; lastKnownFileType = sourcecode.c.h; path = PMRParty.h; sourceTree = "<group>"; };
		ECE0FFB91E4BD8AA00BE5FB1 /* PMRParty.m */ = {isa = PBXFileReference; fileEncoding = 4; lastKnownFileType = sourcecode.c.objc; path = PMRParty.m; sourceTree = "<group>"; };
		ECE0FFBA1E4BD8AA00BE5FB1 /* PMRParty+initWithDictionary.h */ = {isa = PBXFileReference; fileEncoding = 4; lastKnownFileType = sourcecode.c.h; path = "PMRParty+initWithDictionary.h"; sourceTree = "<group>"; };
		ECE0FFBB1E4BD8AA00BE5FB1 /* PMRParty+initWithDictionary.m */ = {isa = PBXFileReference; fileEncoding = 4; lastKnownFileType = sourcecode.c.objc; path = "PMRParty+initWithDictionary.m"; sourceTree = "<group>"; };
		ECE0FFBC1E4BD8AA00BE5FB1 /* PMRParty+initWithManagedObject.h */ = {isa = PBXFileReference; fileEncoding = 4; lastKnownFileType = sourcecode.c.h; path = "PMRParty+initWithManagedObject.h"; sourceTree = "<group>"; };
		ECE0FFBD1E4BD8AA00BE5FB1 /* PMRParty+initWithManagedObject.m */ = {isa = PBXFileReference; fileEncoding = 4; lastKnownFileType = sourcecode.c.objc; path = "PMRParty+initWithManagedObject.m"; sourceTree = "<group>"; };
		ECE0FFC01E4BD8AA00BE5FB1 /* PMRPersistanceStore.h */ = {isa = PBXFileReference; fileEncoding = 4; lastKnownFileType = sourcecode.c.h; path = PMRPersistanceStore.h; sourceTree = "<group>"; };
		ECE0FFC11E4BD8AA00BE5FB1 /* PMRPersistanceStore.m */ = {isa = PBXFileReference; fileEncoding = 4; lastKnownFileType = sourcecode.c.objc; path = PMRPersistanceStore.m; sourceTree = "<group>"; };
		ECE0FFD21E4BDA9A00BE5FB1 /* PMRPartyManagedObject.h */ = {isa = PBXFileReference; fileEncoding = 4; lastKnownFileType = sourcecode.c.h; path = PMRPartyManagedObject.h; sourceTree = "<group>"; };
		ECE0FFD31E4BDA9A00BE5FB1 /* PMRPartyManagedObject.m */ = {isa = PBXFileReference; fileEncoding = 4; lastKnownFileType = sourcecode.c.objc; path = PMRPartyManagedObject.m; sourceTree = "<group>"; };
/* End PBXFileReference section */

/* Begin PBXFrameworksBuildPhase section */
		EC79FB581E3B80550061B6AC /* Frameworks */ = {
			isa = PBXFrameworksBuildPhase;
			buildActionMask = 2147483647;
			files = (
				EC0E18BF1E532CA4001140CA /* MapKit.framework in Frameworks */,
			);
			runOnlyForDeploymentPostprocessing = 0;
		};
/* End PBXFrameworksBuildPhase section */

/* Begin PBXGroup section */
		EC0E18B91E5329A9001140CA /* Location VC */ = {
			isa = PBXGroup;
			children = (
				EC5517CD1E5B7D8D002B3067 /* Party Info Location */,
				EC5517CC1E5B7D78002B3067 /* Create Party Location */,
				EC5517CB1E5B7D65002B3067 /* Base Class */,
			);
			name = "Location VC";
			sourceTree = "<group>";
		};
		EC0E18BD1E532CA3001140CA /* Frameworks */ = {
			isa = PBXGroup;
			children = (
				EC0E18BE1E532CA4001140CA /* MapKit.framework */,
			);
			name = Frameworks;
			sourceTree = "<group>";
		};
		EC0E18C01E533B0B001140CA /* Location */ = {
			isa = PBXGroup;
			children = (
				EC0E18C81E53475C001140CA /* CLLocationManager+Utility.h */,
				EC0E18C91E53475C001140CA /* CLLocationManager+Utility.m */,
				EC0E18C71E533FB3001140CA /* Location Manager Delegate */,
			);
			name = Location;
			sourceTree = "<group>";
		};
		EC0E18C71E533FB3001140CA /* Location Manager Delegate */ = {
			isa = PBXGroup;
			children = (
				EC0E18C41E533F5A001140CA /* LocationManagerDelegate.h */,
				EC0E18C51E533F5A001140CA /* LocationManagerDelegate.m */,
			);
			name = "Location Manager Delegate";
			sourceTree = "<group>";
		};
		EC0E18CB1E5357D7001140CA /* Icons */ = {
			isa = PBXGroup;
			children = (
				EC0E18DA1E535A21001140CA /* PartyMakerIcon_40.png */,
				EC0E18DB1E535A21001140CA /* PartyMakerIcon_58.png */,
				EC0E18DC1E535A21001140CA /* PartyMakerIcon_60.png */,
				EC0E18DD1E535A21001140CA /* PartyMakerIcon_80.png */,
				EC0E18DE1E535A21001140CA /* PartyMakerIcon_87.png */,
				EC0E18DF1E535A21001140CA /* PartyMakerIcon_120.png */,
				EC0E18E01E535A21001140CA /* PartyMakerIcon_180.png */,
			);
			name = Icons;
			sourceTree = "<group>";
		};
		EC1716351E4C9E57005FFC61 /* View Controllers */ = {
			isa = PBXGroup;
			children = (
				EC1716361E4C9E5F005FFC61 /* Login Screen VC */,
				EC1716381E4C9EA8005FFC61 /* Party List VC */,
				EC5517C11E5B02EA002B3067 /* Party Info VC */,
				EC1716371E4C9E7A005FFC61 /* Create Party VC */,
				EC0E18B91E5329A9001140CA /* Location VC */,
			);
			name = "View Controllers";
			sourceTree = "<group>";
		};
		EC1716361E4C9E5F005FFC61 /* Login Screen VC */ = {
			isa = PBXGroup;
			children = (
				ECBC9EDC1E51F36C00E40610 /* LoginScreenViewController.h */,
				ECBC9EDD1E51F36C00E40610 /* LoginScreenViewController.m */,
			);
			name = "Login Screen VC";
			sourceTree = "<group>";
		};
		EC1716371E4C9E7A005FFC61 /* Create Party VC */ = {
			isa = PBXGroup;
			children = (
				EC2FEF991E3F728E0035F778 /* CreatePartyViewController.h */,
				EC2FEF9A1E3F728E0035F778 /* CreatePartyViewController.m */,
			);
			name = "Create Party VC";
			sourceTree = "<group>";
		};
		EC1716381E4C9EA8005FFC61 /* Party List VC */ = {
			isa = PBXGroup;
			children = (
				EC24C1671E44BB79007558B1 /* PLViewController.h */,
				EC24C1681E44BB79007558B1 /* PLViewController.m */,
				EC1716391E4C9EB0005FFC61 /* Party TableViewCell */,
			);
			name = "Party List VC";
			sourceTree = "<group>";
		};
		EC1716391E4C9EB0005FFC61 /* Party TableViewCell */ = {
			isa = PBXGroup;
			children = (
				EC24C1631E44B13C007558B1 /* PartyTableViewCell.h */,
				EC24C1641E44B13C007558B1 /* PartyTableViewCell.m */,
			);
			name = "Party TableViewCell";
			sourceTree = "<group>";
		};
		EC17163A1E4C9F1B005FFC61 /* Core Data Manager */ = {
			isa = PBXGroup;
			children = (
				ECE0FFB41E4BD8AA00BE5FB1 /* PMRCoreDataManager.h */,
				ECE0FFB51E4BD8AA00BE5FB1 /* PMRCoreDataManager.m */,
				ECE0FFB61E4BD8AA00BE5FB1 /* PMRCoreDataManager+Party.h */,
				ECE0FFB71E4BD8AA00BE5FB1 /* PMRCoreDataManager+Party.m */,
			);
			name = "Core Data Manager";
			sourceTree = "<group>";
		};
		EC17163B1E4C9F2D005FFC61 /* Persistance Store */ = {
			isa = PBXGroup;
			children = (
				ECE0FFC01E4BD8AA00BE5FB1 /* PMRPersistanceStore.h */,
				ECE0FFC11E4BD8AA00BE5FB1 /* PMRPersistanceStore.m */,
			);
			name = "Persistance Store";
			sourceTree = "<group>";
		};
		EC17163C1E4C9F3E005FFC61 /* Party Managed Object */ = {
			isa = PBXGroup;
			children = (
				ECE0FFD21E4BDA9A00BE5FB1 /* PMRPartyManagedObject.h */,
				ECE0FFD31E4BDA9A00BE5FB1 /* PMRPartyManagedObject.m */,
				EC87B8B61E4C60EC003A9629 /* PMRPartyManagedObject+CoreDataProperties.h */,
				EC87B8B71E4C60EC003A9629 /* PMRPartyManagedObject+CoreDataProperties.m */,
			);
			name = "Party Managed Object";
			sourceTree = "<group>";
		};
		EC2FEF961E3F71400035F778 /* Images */ = {
			isa = PBXGroup;
			children = (
				EC0E18CB1E5357D7001140CA /* Icons */,
				EC79FB801E3D6FE10061B6AC /* rightSliderImg.png */,
				EC79FB781E3CE7300061B6AC /* leftSliderImg.png */,
				ECB270841E40E2990032E0EF /* settings.png */,
				ECB270861E40E2A20032E0EF /* cocktail.png */,
				ECD9C2331E475E4D008A7BD7 /* add.png */,
				ECBC9EDA1E51F15100E40610 /* login_background.png */,
				EC0E18B71E532019001140CA /* Splash.png */,
			);
			name = Images;
			sourceTree = "<group>";
		};
		EC5517C11E5B02EA002B3067 /* Party Info VC */ = {
			isa = PBXGroup;
			children = (
				EC5517C21E5B031A002B3067 /* PartyInfoViewController.h */,
				EC5517C31E5B031A002B3067 /* PartyInfoViewController.m */,
			);
			name = "Party Info VC";
			sourceTree = "<group>";
		};
		EC5517CB1E5B7D65002B3067 /* Base Class */ = {
			isa = PBXGroup;
			children = (
				EC5517C51E5B7C05002B3067 /* BaseLocationViewController.h */,
				EC5517C61E5B7C05002B3067 /* BaseLocationViewController.m */,
			);
			name = "Base Class";
			sourceTree = "<group>";
		};
		EC5517CC1E5B7D78002B3067 /* Create Party Location */ = {
			isa = PBXGroup;
			children = (
				EC0E18BA1E5329CF001140CA /* LocationViewController.h */,
				EC0E18BB1E5329CF001140CA /* LocationViewController.m */,
			);
			name = "Create Party Location";
			sourceTree = "<group>";
		};
		EC5517CD1E5B7D8D002B3067 /* Party Info Location */ = {
			isa = PBXGroup;
			children = (
				EC5517C81E5B7D5F002B3067 /* ShowLocationViewController.h */,
				EC5517C91E5B7D5F002B3067 /* ShowLocationViewController.m */,
			);
			name = "Party Info Location";
			sourceTree = "<group>";
		};
		EC7609651E49D222001D7BF7 /* HTTP */ = {
			isa = PBXGroup;
			children = (
				EC7609661E49D23F001D7BF7 /* HTTPManager.h */,
				EC7609671E49D23F001D7BF7 /* HTTPManager.m */,
				EC0E18B41E51FAD3001140CA /* TestHTTPManager.h */,
				EC0E18B51E51FAD3001140CA /* TestHTTPManager.m */,
			);
			name = HTTP;
			sourceTree = "<group>";
		};
		EC79FB521E3B80550061B6AC = {
			isa = PBXGroup;
			children = (
				EC79FB5D1E3B80550061B6AC /* Party Maker */,
				EC79FB5C1E3B80550061B6AC /* Products */,
				EC0E18BD1E532CA3001140CA /* Frameworks */,
			);
			sourceTree = "<group>";
		};
		EC79FB5C1E3B80550061B6AC /* Products */ = {
			isa = PBXGroup;
			children = (
				EC79FB5B1E3B80550061B6AC /* Party Maker.app */,
			);
			name = Products;
			sourceTree = "<group>";
		};
		EC79FB5D1E3B80550061B6AC /* Party Maker */ = {
			isa = PBXGroup;
			children = (
				EC1716351E4C9E57005FFC61 /* View Controllers */,
				ECE0FFB31E4BD89000BE5FB1 /* Core Data */,
				EC0E18C01E533B0B001140CA /* Location */,
				EC7609651E49D222001D7BF7 /* HTTP */,
				EC9C02D51E48BBB3006E1A65 /* Party Model */,
				ECB2707D1E40DCAE0032E0EF /* Supporting Files */,
				EC79FB611E3B80550061B6AC /* AppDelegate.h */,
				EC79FB621E3B80550061B6AC /* AppDelegate.m */,
				EC79FB671E3B80550061B6AC /* Main.storyboard */,
				EC79FB6A1E3B80550061B6AC /* Assets.xcassets */,
				EC79FB6C1E3B80550061B6AC /* LaunchScreen.storyboard */,
				EC79FB6F1E3B80550061B6AC /* Info.plist */,
				EC2FEF961E3F71400035F778 /* Images */,
				ECDFE3C61E4E0F700007FBB8 /* NSNotification+Utility.h */,
				ECDFE3C71E4E0F700007FBB8 /* NSNotification+Utility.m */,
			);
			name = "Party Maker";
			path = PartyMaker;
			sourceTree = "<group>";
		};
		EC9C02D51E48BBB3006E1A65 /* Party Model */ = {
			isa = PBXGroup;
			children = (
				ECE0FFB81E4BD8AA00BE5FB1 /* PMRParty.h */,
				ECE0FFB91E4BD8AA00BE5FB1 /* PMRParty.m */,
				ECE0FFBA1E4BD8AA00BE5FB1 /* PMRParty+initWithDictionary.h */,
				ECE0FFBB1E4BD8AA00BE5FB1 /* PMRParty+initWithDictionary.m */,
				ECE0FFBC1E4BD8AA00BE5FB1 /* PMRParty+initWithManagedObject.h */,
				ECE0FFBD1E4BD8AA00BE5FB1 /* PMRParty+initWithManagedObject.m */,
				ECBF52A21E4CA35300E0D7B1 /* Model.xcdatamodeld */,
			);
			name = "Party Model";
			sourceTree = "<group>";
		};
		ECB2707D1E40DCAE0032E0EF /* Supporting Files */ = {
			isa = PBXGroup;
			children = (
				ECB2707E1E40DE020032E0EF /* main.m */,
			);
			name = "Supporting Files";
			sourceTree = "<group>";
		};
		ECE0FFB31E4BD89000BE5FB1 /* Core Data */ = {
			isa = PBXGroup;
			children = (
				EC17163A1E4C9F1B005FFC61 /* Core Data Manager */,
				EC17163B1E4C9F2D005FFC61 /* Persistance Store */,
				EC17163C1E4C9F3E005FFC61 /* Party Managed Object */,
			);
			name = "Core Data";
			sourceTree = "<group>";
		};
/* End PBXGroup section */

/* Begin PBXNativeTarget section */
		EC79FB5A1E3B80550061B6AC /* Party Maker */ = {
			isa = PBXNativeTarget;
			buildConfigurationList = EC79FB721E3B80550061B6AC /* Build configuration list for PBXNativeTarget "Party Maker" */;
			buildPhases = (
				EC79FB571E3B80550061B6AC /* Sources */,
				EC79FB581E3B80550061B6AC /* Frameworks */,
				EC79FB591E3B80550061B6AC /* Resources */,
			);
			buildRules = (
			);
			dependencies = (
			);
			name = "Party Maker";
			productName = PartyMaker;
			productReference = EC79FB5B1E3B80550061B6AC /* Party Maker.app */;
			productType = "com.apple.product-type.application";
		};
/* End PBXNativeTarget section */

/* Begin PBXProject section */
		EC79FB531E3B80550061B6AC /* Project object */ = {
			isa = PBXProject;
			attributes = {
				LastUpgradeCheck = 0820;
				ORGANIZATIONNAME = intern;
				TargetAttributes = {
					EC79FB5A1E3B80550061B6AC = {
						CreatedOnToolsVersion = 8.2.1;
						ProvisioningStyle = Automatic;
					};
				};
			};
			buildConfigurationList = EC79FB561E3B80550061B6AC /* Build configuration list for PBXProject "Party Maker" */;
			compatibilityVersion = "Xcode 3.2";
			developmentRegion = English;
			hasScannedForEncodings = 0;
			knownRegions = (
				en,
				Base,
			);
			mainGroup = EC79FB521E3B80550061B6AC;
			productRefGroup = EC79FB5C1E3B80550061B6AC /* Products */;
			projectDirPath = "";
			projectRoot = "";
			targets = (
				EC79FB5A1E3B80550061B6AC /* Party Maker */,
			);
		};
/* End PBXProject section */

/* Begin PBXResourcesBuildPhase section */
		EC79FB591E3B80550061B6AC /* Resources */ = {
			isa = PBXResourcesBuildPhase;
			buildActionMask = 2147483647;
			files = (
				EC0E18E41E535A21001140CA /* PartyMakerIcon_80.png in Resources */,
				EC79FB6E1E3B80550061B6AC /* LaunchScreen.storyboard in Resources */,
				EC79FB6B1E3B80550061B6AC /* Assets.xcassets in Resources */,
				ECB270851E40E2990032E0EF /* settings.png in Resources */,
				EC79FB811E3D6FE10061B6AC /* rightSliderImg.png in Resources */,
				EC79FB691E3B80550061B6AC /* Main.storyboard in Resources */,
				ECB270871E40E2A20032E0EF /* cocktail.png in Resources */,
				EC0E18E51E535A21001140CA /* PartyMakerIcon_87.png in Resources */,
				EC0E18E11E535A21001140CA /* PartyMakerIcon_40.png in Resources */,
				ECD9C2341E475E4D008A7BD7 /* add.png in Resources */,
				EC0E18E31E535A21001140CA /* PartyMakerIcon_60.png in Resources */,
				EC0E18E71E535A21001140CA /* PartyMakerIcon_180.png in Resources */,
				EC0E18B81E532019001140CA /* Splash.png in Resources */,
				EC79FB791E3CE7300061B6AC /* leftSliderImg.png in Resources */,
				EC0E18E21E535A21001140CA /* PartyMakerIcon_58.png in Resources */,
				EC0E18E61E535A21001140CA /* PartyMakerIcon_120.png in Resources */,
				ECBC9EDB1E51F15100E40610 /* login_background.png in Resources */,
			);
			runOnlyForDeploymentPostprocessing = 0;
		};
/* End PBXResourcesBuildPhase section */

/* Begin PBXSourcesBuildPhase section */
		EC79FB571E3B80550061B6AC /* Sources */ = {
			isa = PBXSourcesBuildPhase;
			buildActionMask = 2147483647;
			files = (
				ECBC9EDE1E51F36C00E40610 /* LoginScreenViewController.m in Sources */,
				EC79FB631E3B80550061B6AC /* AppDelegate.m in Sources */,
				ECB2707F1E40DE020032E0EF /* main.m in Sources */,
				EC24C1651E44B13C007558B1 /* PartyTableViewCell.m in Sources */,
				ECE0FFC21E4BD8AA00BE5FB1 /* PMRCoreDataManager.m in Sources */,
				EC0E18CA1E53475C001140CA /* CLLocationManager+Utility.m in Sources */,
				ECDFE3C81E4E0F700007FBB8 /* NSNotification+Utility.m in Sources */,
				EC5517C71E5B7C05002B3067 /* BaseLocationViewController.m in Sources */,
				ECE0FFC51E4BD8AA00BE5FB1 /* PMRParty+initWithDictionary.m in Sources */,
				EC0E18B61E51FAD3001140CA /* TestHTTPManager.m in Sources */,
				ECE0FFD41E4BDA9A00BE5FB1 /* PMRPartyManagedObject.m in Sources */,
				EC7609681E49D23F001D7BF7 /* HTTPManager.m in Sources */,
				ECE0FFC81E4BD8AA00BE5FB1 /* PMRPersistanceStore.m in Sources */,
				ECBF52A51E4CA37A00E0D7B1 /* Model.xcdatamodeld in Sources */,
				EC5517C41E5B031A002B3067 /* PartyInfoViewController.m in Sources */,
				ECE0FFC61E4BD8AA00BE5FB1 /* PMRParty+initWithManagedObject.m in Sources */,
				EC5517CA1E5B7D5F002B3067 /* ShowLocationViewController.m in Sources */,
				EC87B8B81E4C60EC003A9629 /* PMRPartyManagedObject+CoreDataProperties.m in Sources */,
				EC0E18C61E533F5A001140CA /* LocationManagerDelegate.m in Sources */,
				EC24C1691E44BB79007558B1 /* PLViewController.m in Sources */,
				EC2FEF9C1E3F728E0035F778 /* CreatePartyViewController.m in Sources */,
				ECE0FFC41E4BD8AA00BE5FB1 /* PMRParty.m in Sources */,
				ECE0FFC31E4BD8AA00BE5FB1 /* PMRCoreDataManager+Party.m in Sources */,
				EC0E18BC1E5329CF001140CA /* LocationViewController.m in Sources */,
			);
			runOnlyForDeploymentPostprocessing = 0;
		};
/* End PBXSourcesBuildPhase section */

/* Begin PBXVariantGroup section */
		EC79FB671E3B80550061B6AC /* Main.storyboard */ = {
			isa = PBXVariantGroup;
			children = (
				EC79FB681E3B80550061B6AC /* Base */,
			);
			name = Main.storyboard;
			sourceTree = "<group>";
		};
		EC79FB6C1E3B80550061B6AC /* LaunchScreen.storyboard */ = {
			isa = PBXVariantGroup;
			children = (
				EC79FB6D1E3B80550061B6AC /* Base */,
			);
			name = LaunchScreen.storyboard;
			sourceTree = "<group>";
		};
/* End PBXVariantGroup section */

/* Begin XCBuildConfiguration section */
		EC79FB701E3B80550061B6AC /* Debug */ = {
			isa = XCBuildConfiguration;
			buildSettings = {
				ALWAYS_SEARCH_USER_PATHS = NO;
				CLANG_ANALYZER_NONNULL = YES;
				CLANG_CXX_LANGUAGE_STANDARD = "gnu++0x";
				CLANG_CXX_LIBRARY = "libc++";
				CLANG_ENABLE_MODULES = YES;
				CLANG_ENABLE_OBJC_ARC = YES;
				CLANG_WARN_BOOL_CONVERSION = YES;
				CLANG_WARN_CONSTANT_CONVERSION = YES;
				CLANG_WARN_DIRECT_OBJC_ISA_USAGE = YES_ERROR;
				CLANG_WARN_DOCUMENTATION_COMMENTS = YES;
				CLANG_WARN_EMPTY_BODY = YES;
				CLANG_WARN_ENUM_CONVERSION = YES;
				CLANG_WARN_INFINITE_RECURSION = YES;
				CLANG_WARN_INT_CONVERSION = YES;
				CLANG_WARN_OBJC_ROOT_CLASS = YES_ERROR;
				CLANG_WARN_SUSPICIOUS_MOVE = YES;
				CLANG_WARN_UNREACHABLE_CODE = YES;
				CLANG_WARN__DUPLICATE_METHOD_MATCH = YES;
				"CODE_SIGN_IDENTITY[sdk=iphoneos*]" = "iPhone Developer";
				COPY_PHASE_STRIP = NO;
				DEBUG_INFORMATION_FORMAT = dwarf;
				ENABLE_STRICT_OBJC_MSGSEND = YES;
				ENABLE_TESTABILITY = YES;
				GCC_C_LANGUAGE_STANDARD = gnu99;
				GCC_DYNAMIC_NO_PIC = NO;
				GCC_NO_COMMON_BLOCKS = YES;
				GCC_OPTIMIZATION_LEVEL = 0;
				GCC_PREPROCESSOR_DEFINITIONS = (
					"DEBUG=1",
					"$(inherited)",
				);
				GCC_WARN_64_TO_32_BIT_CONVERSION = YES;
				GCC_WARN_ABOUT_RETURN_TYPE = YES_ERROR;
				GCC_WARN_UNDECLARED_SELECTOR = YES;
				GCC_WARN_UNINITIALIZED_AUTOS = YES_AGGRESSIVE;
				GCC_WARN_UNUSED_FUNCTION = YES;
				GCC_WARN_UNUSED_VARIABLE = YES;
				IPHONEOS_DEPLOYMENT_TARGET = 10.2;
				MTL_ENABLE_DEBUG_INFO = YES;
				ONLY_ACTIVE_ARCH = YES;
				SDKROOT = iphoneos;
				TARGETED_DEVICE_FAMILY = "1,2";
			};
			name = Debug;
		};
		EC79FB711E3B80550061B6AC /* Release */ = {
			isa = XCBuildConfiguration;
			buildSettings = {
				ALWAYS_SEARCH_USER_PATHS = NO;
				CLANG_ANALYZER_NONNULL = YES;
				CLANG_CXX_LANGUAGE_STANDARD = "gnu++0x";
				CLANG_CXX_LIBRARY = "libc++";
				CLANG_ENABLE_MODULES = YES;
				CLANG_ENABLE_OBJC_ARC = YES;
				CLANG_WARN_BOOL_CONVERSION = YES;
				CLANG_WARN_CONSTANT_CONVERSION = YES;
				CLANG_WARN_DIRECT_OBJC_ISA_USAGE = YES_ERROR;
				CLANG_WARN_DOCUMENTATION_COMMENTS = YES;
				CLANG_WARN_EMPTY_BODY = YES;
				CLANG_WARN_ENUM_CONVERSION = YES;
				CLANG_WARN_INFINITE_RECURSION = YES;
				CLANG_WARN_INT_CONVERSION = YES;
				CLANG_WARN_OBJC_ROOT_CLASS = YES_ERROR;
				CLANG_WARN_SUSPICIOUS_MOVE = YES;
				CLANG_WARN_UNREACHABLE_CODE = YES;
				CLANG_WARN__DUPLICATE_METHOD_MATCH = YES;
				"CODE_SIGN_IDENTITY[sdk=iphoneos*]" = "iPhone Developer";
				COPY_PHASE_STRIP = NO;
				DEBUG_INFORMATION_FORMAT = "dwarf-with-dsym";
				ENABLE_NS_ASSERTIONS = NO;
				ENABLE_STRICT_OBJC_MSGSEND = YES;
				GCC_C_LANGUAGE_STANDARD = gnu99;
				GCC_NO_COMMON_BLOCKS = YES;
				GCC_WARN_64_TO_32_BIT_CONVERSION = YES;
				GCC_WARN_ABOUT_RETURN_TYPE = YES_ERROR;
				GCC_WARN_UNDECLARED_SELECTOR = YES;
				GCC_WARN_UNINITIALIZED_AUTOS = YES_AGGRESSIVE;
				GCC_WARN_UNUSED_FUNCTION = YES;
				GCC_WARN_UNUSED_VARIABLE = YES;
				IPHONEOS_DEPLOYMENT_TARGET = 10.2;
				MTL_ENABLE_DEBUG_INFO = NO;
				SDKROOT = iphoneos;
				TARGETED_DEVICE_FAMILY = "1,2";
				VALIDATE_PRODUCT = YES;
			};
			name = Release;
		};
		EC79FB731E3B80550061B6AC /* Debug */ = {
			isa = XCBuildConfiguration;
			buildSettings = {
				ASSETCATALOG_COMPILER_APPICON_NAME = AppIcon;
				INFOPLIST_FILE = PartyMaker/Info.plist;
				IPHONEOS_DEPLOYMENT_TARGET = 9.0;
				LD_RUNPATH_SEARCH_PATHS = "$(inherited) @executable_path/Frameworks";
				PRODUCT_BUNDLE_IDENTIFIER = com.softheme.PartyMaker;
				PRODUCT_NAME = "$(TARGET_NAME)";
				TARGETED_DEVICE_FAMILY = 1;
			};
			name = Debug;
		};
		EC79FB741E3B80550061B6AC /* Release */ = {
			isa = XCBuildConfiguration;
			buildSettings = {
				ASSETCATALOG_COMPILER_APPICON_NAME = AppIcon;
				INFOPLIST_FILE = PartyMaker/Info.plist;
				IPHONEOS_DEPLOYMENT_TARGET = 9.0;
				LD_RUNPATH_SEARCH_PATHS = "$(inherited) @executable_path/Frameworks";
				PRODUCT_BUNDLE_IDENTIFIER = com.softheme.PartyMaker;
				PRODUCT_NAME = "$(TARGET_NAME)";
				TARGETED_DEVICE_FAMILY = 1;
			};
			name = Release;
		};
/* End XCBuildConfiguration section */

/* Begin XCConfigurationList section */
		EC79FB561E3B80550061B6AC /* Build configuration list for PBXProject "Party Maker" */ = {
			isa = XCConfigurationList;
			buildConfigurations = (
				EC79FB701E3B80550061B6AC /* Debug */,
				EC79FB711E3B80550061B6AC /* Release */,
			);
			defaultConfigurationIsVisible = 0;
			defaultConfigurationName = Release;
		};
		EC79FB721E3B80550061B6AC /* Build configuration list for PBXNativeTarget "Party Maker" */ = {
			isa = XCConfigurationList;
			buildConfigurations = (
				EC79FB731E3B80550061B6AC /* Debug */,
				EC79FB741E3B80550061B6AC /* Release */,
			);
			defaultConfigurationIsVisible = 0;
			defaultConfigurationName = Release;
		};
/* End XCConfigurationList section */

/* Begin XCVersionGroup section */
		ECBF52A21E4CA35300E0D7B1 /* Model.xcdatamodeld */ = {
			isa = XCVersionGroup;
			children = (
				ECBF52A31E4CA35300E0D7B1 /* Model.xcdatamodel */,
			);
			currentVersion = ECBF52A31E4CA35300E0D7B1 /* Model.xcdatamodel */;
			path = Model.xcdatamodeld;
			sourceTree = "<group>";
			versionGroupType = wrapper.xcdatamodel;
		};
/* End XCVersionGroup section */
	};
	rootObject = EC79FB531E3B80550061B6AC /* Project object */;
}
